# THIS IS AN AUTOGENERATED FILE. DO NOT EDIT THIS FILE DIRECTLY.
# yarn lockfile v1


has-yarn@^1.0.0:
  version "1.0.0"
  resolved "https://registry.yarnpkg.com/has-yarn/-/has-yarn-1.0.0.tgz#89e25db604b725c8f5976fff0addc921b828a5a7"

typescript@^2.4.2:
  version "2.4.2"
  resolved "https://registry.yarnpkg.com/typescript/-/typescript-2.4.2.tgz#f8395f85d459276067c988aa41837a8f82870844"
